<?xml version="1.0" encoding="UTF-8"?>
<Scheme
   LastUpgradeVersion = "1430"
   version = "1.7">
   <BuildAction
      parallelizeBuildables = "YES"
      buildImplicitDependencies = "YES"
      runPostActionsOnFailure = "NO">
      <BuildActionEntries>
         <BuildActionEntry
            buildForTesting = "YES"
            buildForRunning = "YES"
            buildForProfiling = "YES"
            buildForArchiving = "YES"
            buildForAnalyzing = "YES">
            <BuildableReference
               BuildableIdentifier = "primary"
               BlueprintIdentifier = "2DDBC3A91D35DF14C8FB244F"
               BuildableName = "NostrVpnIos.app"
               BlueprintName = "NostrVpnIos"
               ReferencedContainer = "container:NostrVpnIos.xcodeproj">
            </BuildableReference>
         </BuildActionEntry>
         <BuildActionEntry
            buildForTesting = "YES"
            buildForRunning = "NO"
            buildForProfiling = "NO"
            buildForArchiving = "NO"
            buildForAnalyzing = "NO">
            <BuildableReference
               BuildableIdentifier = "primary"
               BlueprintIdentifier = "A8A78E72E9E78A3018055001"
               BuildableName = "NostrVpnIosUITests.xctest"
               BlueprintName = "NostrVpnIosUITests"
               ReferencedContainer = "container:NostrVpnIos.xcodeproj">
            </BuildableReference>
         </BuildActionEntry>
      </BuildActionEntries>
   </BuildAction>
   <TestAction
      buildConfiguration = "Debug"
      selectedDebuggerIdentifier = "Xcode.DebuggerFoundation.Debugger.LLDB"
      selectedLauncherIdentifier = "Xcode.DebuggerFoundation.Launcher.LLDB"
      shouldUseLaunchSchemeArgsEnv = "NO"
      onlyGenerateCoverageForSpecifiedTargets = "NO">
      <MacroExpansion>
         <BuildableReference
            BuildableIdentifier = "primary"
            BlueprintIdentifier = "2DDBC3A91D35DF14C8FB244F"
            BuildableName = "NostrVpnIos.app"
            BlueprintName = "NostrVpnIos"
            ReferencedContainer = "container:NostrVpnIos.xcodeproj">
         </BuildableReference>
      </MacroExpansion>
      <Testables>
         <TestableReference
            skipped = "NO"
            parallelizable = "NO">
            <BuildableReference
               BuildableIdentifier = "primary"
               BlueprintIdentifier = "A8A78E72E9E78A3018055001"
               BuildableName = "NostrVpnIosUITests.xctest"
               BlueprintName = "NostrVpnIosUITests"
               ReferencedContainer = "container:NostrVpnIos.xcodeproj">
            </BuildableReference>
         </TestableReference>
      </Testables>
      <CommandLineArguments>
      </CommandLineArguments>
      <EnvironmentVariables>
         <EnvironmentVariable
            key = "NVPN_RELEASE_JOIN_ADMIN_ID"
            value = "$(NVPN_RELEASE_JOIN_ADMIN_ID)"
            isEnabled = "YES">
         </EnvironmentVariable>
         <EnvironmentVariable
            key = "NVPN_RELEASE_JOIN_BLACKBOX"
            value = "$(NVPN_RELEASE_JOIN_BLACKBOX)"
            isEnabled = "YES">
         </EnvironmentVariable>
         <EnvironmentVariable
            key = "NVPN_RELEASE_JOIN_CAMERA_WAIT_SECS"
            value = "$(NVPN_RELEASE_JOIN_CAMERA_WAIT_SECS)"
            isEnabled = "YES">
         </EnvironmentVariable>
         <EnvironmentVariable
            key = "NVPN_RELEASE_JOIN_DELIVERY_WAIT_SECS"
            value = "$(NVPN_RELEASE_JOIN_DELIVERY_WAIT_SECS)"
            isEnabled = "YES">
         </EnvironmentVariable>
         <EnvironmentVariable
            key = "NVPN_RELEASE_JOIN_JOINER_ID"
            value = "$(NVPN_RELEASE_JOIN_JOINER_ID)"
            isEnabled = "YES">
         </EnvironmentVariable>
         <EnvironmentVariable
            key = "NVPN_RELEASE_JOIN_NETWORK_ID"
            value = "$(NVPN_RELEASE_JOIN_NETWORK_ID)"
            isEnabled = "YES">
         </EnvironmentVariable>
         <EnvironmentVariable
            key = "NVPN_RELEASE_JOIN_NETWORK_NAME"
            value = "$(NVPN_RELEASE_JOIN_NETWORK_NAME)"
            isEnabled = "YES">
         </EnvironmentVariable>
         <EnvironmentVariable
            key = "NVPN_XCUITEST_APP_LAUNCH_ARGS_BASE64"
            value = "$(NVPN_XCUITEST_APP_LAUNCH_ARGS_BASE64)"
            isEnabled = "YES">
         </EnvironmentVariable>
         <EnvironmentVariable
            key = "NVPN_XCUITEST_CAMERA_WAIT_SECS"
            value = "$(NVPN_XCUITEST_CAMERA_WAIT_SECS)"
            isEnabled = "YES">
         </EnvironmentVariable>
         <EnvironmentVariable
            key = "NVPN_XCUITEST_CONNECTED_DIRECT_GATE"
            value = "$(NVPN_XCUITEST_CONNECTED_DIRECT_GATE)"
            isEnabled = "YES">
         </EnvironmentVariable>
         <EnvironmentVariable
            key = "NVPN_XCUITEST_DELIVERY_WAIT_SECS"
            value = "$(NVPN_XCUITEST_DELIVERY_WAIT_SECS)"
            isEnabled = "YES">
         </EnvironmentVariable>
         <EnvironmentVariable
            key = "NVPN_XCUITEST_EXIT_DNS_SPEC_BASE64"
            value = "$(NVPN_XCUITEST_EXIT_DNS_SPEC_BASE64)"
            isEnabled = "YES">
         </EnvironmentVariable>
         <EnvironmentVariable
            key = "NVPN_XCUITEST_LIFECYCLE_BACKGROUND_DWELL_SECS"
            value = "$(NVPN_XCUITEST_LIFECYCLE_BACKGROUND_DWELL_SECS)"
            isEnabled = "YES">
         </EnvironmentVariable>
         <EnvironmentVariable
            key = "NVPN_XCUITEST_LIFECYCLE_CYCLES"
            value = "$(NVPN_XCUITEST_LIFECYCLE_CYCLES)"
            isEnabled = "YES">
         </EnvironmentVariable>
         <EnvironmentVariable
            key = "NVPN_XCUITEST_LIFECYCLE_GATE"
            value = "$(NVPN_XCUITEST_LIFECYCLE_GATE)"
            isEnabled = "YES">
         </EnvironmentVariable>
         <EnvironmentVariable
            key = "NVPN_XCUITEST_LIFECYCLE_RESULT_NAME"
            value = "$(NVPN_XCUITEST_LIFECYCLE_RESULT_NAME)"
            isEnabled = "YES">
         </EnvironmentVariable>
         <EnvironmentVariable
            key = "NVPN_XCUITEST_MANUAL_ADMIN_DEVICE_ID"
            value = "$(NVPN_XCUITEST_MANUAL_ADMIN_DEVICE_ID)"
            isEnabled = "YES">
         </EnvironmentVariable>
         <EnvironmentVariable
            key = "NVPN_XCUITEST_MANUAL_JOINER_DEVICE_ID"
            value = "$(NVPN_XCUITEST_MANUAL_JOINER_DEVICE_ID)"
            isEnabled = "YES">
         </EnvironmentVariable>
         <EnvironmentVariable
            key = "NVPN_XCUITEST_MANUAL_NETWORK_ID"
            value = "$(NVPN_XCUITEST_MANUAL_NETWORK_ID)"
            isEnabled = "YES">
         </EnvironmentVariable>
         <EnvironmentVariable
            key = "NVPN_XCUITEST_PHYSICAL_JOIN_GATE"
            value = "$(NVPN_XCUITEST_PHYSICAL_JOIN_GATE)"
            isEnabled = "YES">
         </EnvironmentVariable>
         <EnvironmentVariable
            key = "NVPN_XCUITEST_RELEASE_NETWORK_GATE"
            value = "$(NVPN_XCUITEST_RELEASE_NETWORK_GATE)"
            isEnabled = "YES">
         </EnvironmentVariable>
         <EnvironmentVariable
            key = "NVPN_XCUITEST_RELEASE_NETWORK_SPEC_BASE64"
            value = "$(NVPN_XCUITEST_RELEASE_NETWORK_SPEC_BASE64)"
            isEnabled = "YES">
         </EnvironmentVariable>
         <EnvironmentVariable
            key = "NVPN_XCUITEST_RUN_ID"
            value = "$(NVPN_XCUITEST_RUN_ID)"
            isEnabled = "YES">
         </EnvironmentVariable>
      </EnvironmentVariables>
   </TestAction>
   <LaunchAction
      buildConfiguration = "Debug"
      selectedDebuggerIdentifier = "Xcode.DebuggerFoundation.Debugger.LLDB"
      selectedLauncherIdentifier = "Xcode.DebuggerFoundation.Launcher.LLDB"
      launchStyle = "0"
      useCustomWorkingDirectory = "NO"
      ignoresPersistentStateOnLaunch = "NO"
      debugDocumentVersioning = "YES"
      debugServiceExtension = "internal"
      allowLocationSimulation = "YES">
      <BuildableProductRunnable
         runnableDebuggingMode = "0">
         <BuildableReference
            BuildableIdentifier = "primary"
            BlueprintIdentifier = "2DDBC3A91D35DF14C8FB244F"
            BuildableName = "NostrVpnIos.app"
            BlueprintName = "NostrVpnIos"
            ReferencedContainer = "container:NostrVpnIos.xcodeproj">
         </BuildableReference>
      </BuildableProductRunnable>
      <CommandLineArguments>
      </CommandLineArguments>
   </LaunchAction>
   <ProfileAction
      buildConfiguration = "Release"
      shouldUseLaunchSchemeArgsEnv = "YES"
      savedToolIdentifier = ""
      useCustomWorkingDirectory = "NO"
      debugDocumentVersioning = "YES">
      <BuildableProductRunnable
         runnableDebuggingMode = "0">
         <BuildableReference
            BuildableIdentifier = "primary"
            BlueprintIdentifier = "2DDBC3A91D35DF14C8FB244F"
            BuildableName = "NostrVpnIos.app"
            BlueprintName = "NostrVpnIos"
            ReferencedContainer = "container:NostrVpnIos.xcodeproj">
         </BuildableReference>
      </BuildableProductRunnable>
      <CommandLineArguments>
      </CommandLineArguments>
   </ProfileAction>
   <AnalyzeAction
      buildConfiguration = "Debug">
   </AnalyzeAction>
   <ArchiveAction
      buildConfiguration = "Release"
      revealArchiveInOrganizer = "YES">
   </ArchiveAction>
</Scheme>
